
Microsoft Visual Studio Solution File, Format Version 12.00
# Visual Studio Version 17
VisualStudioVersion = 17.14.36310.24 d17.14
MinimumVisualStudioVersion = 10.0.40219.1
Project("{FAE04EC0-301F-11D3-BF4B-00C04F79EFBC}") = "UdpClientTester", "UdpClientTester.csproj", "{9483D590-0867-4086-B55D-9B02260D6BD6}"
EndProject
Global
	GlobalSection(SolutionConfigurationPlatforms) = preSolution
		Debug|Any CPU = Debug|Any CPU
		Release|Any CPU = Release|Any CPU
	EndGlobalSection
	GlobalSection(ProjectConfigurationPlatforms) = postSolution
		{9483D590-0867-4086-B55D-9B02260D6BD6}.Debug|Any CPU.ActiveCfg = Debug|Any CPU
		{9483D590-0867-4086-B55D-9B02260D6BD6}.Debug|Any CPU.Build.0 = Debug|Any CPU
		{9483D590-0867-4086-B55D-9B02260D6BD6}.Release|Any CPU.ActiveCfg = Release|Any CPU
		{9483D590-0867-4086-B55D-9B02260D6BD6}.Release|Any CPU.Build.0 = Release|Any CPU
	EndGlobalSection
	GlobalSection(SolutionProperties) = preSolution
		HideSolutionNode = FALSE
	EndGlobalSection
	GlobalSection(ExtensibilityGlobals) = postSolution
		SolutionGuid = {782C985F-1E96-4682-95AB-90037D514EE1}
	EndGlobalSection
EndGlobal
